# THIS IS AN AUTOGENERATED FILE. DO NOT EDIT THIS FILE DIRECTLY.
# yarn lockfile v1


"@ewoudenberg/difflib@0.1.0":
  version "0.1.0"
  resolved "https://registry.yarnpkg.com/@ewoudenberg/difflib/-/difflib-0.1.0.tgz#a2ae5d3321ffa7c1b47691cf0db189d1264aaaa4"
  integrity sha512-OU5P5mJyD3OoWYMWY+yIgwvgNS9cFAU10f+DDuvtogcWQOoJIsQ4Hy2McSfUfhKjq8L0FuWVb4Rt7kgA+XK86A==
  dependencies:
    heap ">= 0.2.0"

"@swc-node/core@^1.10.6":
  version "1.10.6"
  resolved "https://registry.yarnpkg.com/@swc-node/core/-/core-1.10.6.tgz#5c2af68bd4c9c8f5d91178a724af341a4402f5b6"
  integrity sha512-lDIi/rPosmKIknWzvs2/Fi9zWRtbkx8OJ9pQaevhsoGzJSal8Pd315k1W5AIrnknfdAB4HqRN12fk6AhqnrEEw==

"@swc-node/register@^1.6.8":
  version "1.6.8"
  resolved "https://registry.yarnpkg.com/@swc-node/register/-/register-1.6.8.tgz#4e2402b42ae5b538d5041e0c4d86d9c3c8d5b323"
  integrity sha512-74ijy7J9CWr1Z88yO+ykXphV29giCrSpANQPQRooE0bObpkTO1g4RzQovIfbIaniBiGDDVsYwDoQ3FIrCE8HcQ==
  dependencies:
    "@swc-node/core" "^1.10.6"
    "@swc-node/sourcemap-support" "^0.3.0"
    colorette "^2.0.19"
    debug "^4.3.4"
    pirates "^4.0.5"
    tslib "^2.5.0"

"@swc-node/sourcemap-support@^0.3.0":
  version "0.3.0"
  resolved "https://registry.yarnpkg.com/@swc-node/sourcemap-support/-/sourcemap-support-0.3.0.tgz#e8a0d139bd3e8db39635f63fde43dbe6c39237cc"
  integrity sha512-gqBJSmJMWomZFxlppaKea7NeAqFrDrrS0RMt24No92M3nJWcyI9YKGEQKl+EyJqZ5gh6w1s0cTklMHMzRwA1NA==
  dependencies:
    source-map-support "^0.5.21"
    tslib "^2.5.0"

"@swc/core-darwin-arm64@1.3.82":
  version "1.3.82"
  resolved "https://registry.yarnpkg.com/@swc/core-darwin-arm64/-/core-darwin-arm64-1.3.82.tgz#bbf9874747b51053d8a59ea26c3e235c326f24a3"
  integrity sha512-JfsyDW34gVKD3uE0OUpUqYvAD3yseEaicnFP6pB292THtLJb0IKBBnK50vV/RzEJtc1bR3g1kNfxo2PeurZTrA==

"@swc/core-darwin-x64@1.3.82":
  version "1.3.82"
  resolved "https://registry.yarnpkg.com/@swc/core-darwin-x64/-/core-darwin-x64-1.3.82.tgz#145cdde16678e0d793620035783e5b413a16ac43"
  integrity sha512-ogQWgNMq7qTpITjcP3dnzkFNj7bh6SwMr859GvtOTrE75H7L7jDWxESfH4f8foB/LGxBKiDNmxKhitCuAsZK4A==

"@swc/core-linux-arm-gnueabihf@1.3.82":
  version "1.3.82"
  resolved "https://registry.yarnpkg.com/@swc/core-linux-arm-gnueabihf/-/core-linux-arm-gnueabihf-1.3.82.tgz#0c2f32c5793f2ac8e8ccf416aec84d016c30ef7b"
  integrity sha512-7TMXG1lXlNhD0kUiEqs+YlGV4irAdBa2quuy+XI3oJf2fBK6dQfEq4xBy65B3khrorzQS3O0oDGQ+cmdpHExHA==

"@swc/core-linux-arm64-gnu@1.3.82":
  version "1.3.82"
  resolved "https://registry.yarnpkg.com/@swc/core-linux-arm64-gnu/-/core-linux-arm64-gnu-1.3.82.tgz#2313d4901fa0ebdd2a0f189909073e1e8a07f1d6"
  integrity sha512-26JkOujbzcItPAmIbD5vHJxQVy5ihcSu3YHTKwope1h28sApZdtE7S3e2G3gsZRTIdsCQkXUtAQeqHxGWWR3pw==

"@swc/core-linux-arm64-musl@1.3.82":
  version "1.3.82"
  resolved "https://registry.yarnpkg.com/@swc/core-linux-arm64-musl/-/core-linux-arm64-musl-1.3.82.tgz#6e96cf6e52e647fecf27511d766bea90e96f8a2f"
  integrity sha512-8Izj9tuuMpoc3cqiPBRtwqpO1BZ/+sfZVsEhLxrbOFlcSb8LnKyMle1g3JMMUwI4EU75RGVIzZMn8A6GOKdJbA==

"@swc/core-linux-x64-gnu@1.3.82":
  version "1.3.82"
  resolved "https://registry.yarnpkg.com/@swc/core-linux-x64-gnu/-/core-linux-x64-gnu-1.3.82.tgz#6275c10d7c8c0768550bc7934c9dd8cde4881d92"
  integrity sha512-0GSrIBScQwTaPv46T2qB7XnDYxndRCpwH4HMjh6FN+I+lfPUhTSJKW8AonqrqT1TbpFIgvzQs7EnTsD7AnSCow==

"@swc/core-linux-x64-musl@1.3.82":
  version "1.3.82"
  resolved "https://registry.yarnpkg.com/@swc/core-linux-x64-musl/-/core-linux-x64-musl-1.3.82.tgz#edb98c30bd0de42bf1a63469937630d942c71988"
  integrity sha512-KJUnaaepDKNzrEbwz4jv0iC3/t9x0NSoe06fnkAlhh2+NFKWKKJhVCOBTrpds8n7eylBDIXUlK34XQafjVMUdg==

"@swc/core-win32-arm64-msvc@1.3.82":
  version "1.3.82"
  resolved "https://registry.yarnpkg.com/@swc/core-win32-arm64-msvc/-/core-win32-arm64-msvc-1.3.82.tgz#0a8e9b361aac37d01f684c8a3d3e94e5f8c3b14f"
  integrity sha512-TR3MHKhDYIyGyFcyl2d/p1ftceXcubAhX5wRSOdtOyr5+K/v3jbyCCqN7bbqO5o43wQVCwwR/drHleYyDZvg8Q==

"@swc/core-win32-ia32-msvc@1.3.82":
  version "1.3.82"
  resolved "https://registry.yarnpkg.com/@swc/core-win32-ia32-msvc/-/core-win32-ia32-msvc-1.3.82.tgz#096854ff764282766271f1354ee1214358a8bf01"
  integrity sha512-ZX4HzVVt6hs84YUg70UvyBJnBOIspmQQM0iXSzBvOikk3zRoN7BnDwQH4GScvevCEBuou60+i4I6d5kHLOfh8Q==

"@swc/core-win32-x64-msvc@1.3.82":
  version "1.3.82"
  resolved "https://registry.yarnpkg.com/@swc/core-win32-x64-msvc/-/core-win32-x64-msvc-1.3.82.tgz#1181070bff4a13a7fcc7f1020eef1571f8c1257a"
  integrity sha512-4mJMnex21kbQoaHeAmHnVwQN9/XAfPszJ6n9HI7SVH+aAHnbBIR0M59/b50/CJMjTj5niUGk7EwQ3nhVNOG32g==

"@swc/core@1.3.82":
  version "1.3.82"
  resolved "https://registry.yarnpkg.com/@swc/core/-/core-1.3.82.tgz#8f6c53db3c23a1769b6c5085fbcb3b1df9548a40"
  integrity sha512-jpC1a18HMH67018Ij2jh+hT7JBFu7ZKcQVfrZ8K6JuEY+kjXmbea07P9MbQUZbAe0FB+xi3CqEVCP73MebodJQ==
  dependencies:
    "@swc/types" "^0.1.4"
  optionalDependencies:
    "@swc/core-darwin-arm64" "1.3.82"
    "@swc/core-darwin-x64" "1.3.82"
    "@swc/core-linux-arm-gnueabihf" "1.3.82"
    "@swc/core-linux-arm64-gnu" "1.3.82"
    "@swc/core-linux-arm64-musl" "1.3.82"
    "@swc/core-linux-x64-gnu" "1.3.82"
    "@swc/core-linux-x64-musl" "1.3.82"
    "@swc/core-win32-arm64-msvc" "1.3.82"
    "@swc/core-win32-ia32-msvc" "1.3.82"
    "@swc/core-win32-x64-msvc" "1.3.82"

"@swc/types@^0.1.4":
  version "0.1.5"
  resolved "https://registry.yarnpkg.com/@swc/types/-/types-0.1.5.tgz#043b731d4f56a79b4897a3de1af35e75d56bc63a"
  integrity sha512-myfUej5naTBWnqOCc/MdVOLVjXUXtIA+NpDrDBKJtLLg2shUjBu3cZmB/85RyitKc55+lUUyl7oRfLOvkr2hsw==

"@types/node@^20.8.1":
  version "20.8.1"
  resolved "https://registry.yarnpkg.com/@types/node/-/node-20.8.1.tgz#53452f1c4a6d88b9ab1b8a9cb190c41d52bafc23"
  integrity sha512-iN6stS2QGMl50pjH0h/dIfmcEUogljAreQZ+cubPw3ISWp5fJrZw9NOh/sDHJfw92A41hCU+Ls5zTIsNYzcnuA==

buffer-from@^1.0.0:
  version "1.1.2"
  resolved "https://registry.yarnpkg.com/buffer-from/-/buffer-from-1.1.2.tgz#2b146a6fd72e80b4f55d255f35ed59a3a9a41bd5"
  integrity sha512-E+XQCRwSbaaiChtv6k6Dwgc+bx+Bs6vuKJHHl5kox/BaKbhiXzqQOwK4cO22yElGp2OCmjwVhT3HmxgyPGnJfQ==

colorette@^2.0.19:
  version "2.0.20"
  resolved "https://registry.yarnpkg.com/colorette/-/colorette-2.0.20.tgz#9eb793e6833067f7235902fcd3b09917a000a95a"
  integrity sha512-IfEDxwoWIjkeXL1eXcDiow4UbKjhLdq6/EuSVR9GMN7KVH3r9gQ83e73hsz1Nd1T3ijd5xv1wcWRYO+D6kCI2w==

colors@^1.4.0:
  version "1.4.0"
  resolved "https://registry.yarnpkg.com/colors/-/colors-1.4.0.tgz#c50491479d4c1bdaed2c9ced32cf7c7dc2360f78"
  integrity sha512-a+UqTh4kgZg/SlGvfbzDHpgRu7AAQOmmqRHJnxhRZICKFUT91brVhNNt58CMWU9PsBbv3PDCZUHbVxuDiH2mtA==

commander@^11.0.0:
  version "11.0.0"
  resolved "https://registry.yarnpkg.com/commander/-/commander-11.0.0.tgz#43e19c25dbedc8256203538e8d7e9346877a6f67"
  integrity sha512-9HMlXtt/BNoYr8ooyjjNRdIilOTkVJXB+GhxMTtOKwk0R4j4lS4NpjuqmRxroBfnfTSHQIHQB7wryHhXarNjmQ==

debug@^4.3.4:
  version "4.3.4"
  resolved "https://registry.yarnpkg.com/debug/-/debug-4.3.4.tgz#1319f6579357f2338d3337d2cdd4914bb5dcc865"
  integrity sha512-PRWFHuSU3eDtQJPvnNY7Jcket1j0t5OuOsFzPPzsekD52Zl8qUfFIPEiswXqIvHWGVHOgX+7G/vCNNhehwxfkQ==
  dependencies:
    ms "2.1.2"

dreamopt@~0.8.0:
  version "0.8.0"
  resolved "https://registry.yarnpkg.com/dreamopt/-/dreamopt-0.8.0.tgz#5bcc80be7097e45fc489c342405ab68140a8c1d9"
  integrity sha512-vyJTp8+mC+G+5dfgsY+r3ckxlz+QMX40VjPQsZc5gxVAxLmi64TBoVkP54A/pRAXMXsbu2GMMBrZPxNv23waMg==
  dependencies:
    wordwrap ">=0.0.2"

"heap@>= 0.2.0":
  version "0.2.7"
  resolved "https://registry.yarnpkg.com/heap/-/heap-0.2.7.tgz#1e6adf711d3f27ce35a81fe3b7bd576c2260a8fc"
  integrity sha512-2bsegYkkHO+h/9MGbn6KWcE45cHZgPANo5LXF7EvWdT0yT2EguSVO1nDgU5c8+ZOPwp2vMNa7YFsJhVcDR9Sdg==

json-diff@^1.0.6:
  version "1.0.6"
  resolved "https://registry.yarnpkg.com/json-diff/-/json-diff-1.0.6.tgz#63690f695469b6437efaed5bb3d51f011f7cac28"
  integrity sha512-tcFIPRdlc35YkYdGxcamJjllUhXWv4n2rK9oJ2RsAzV4FBkuV4ojKEDgcZ+kpKxDmJKv+PFK65+1tVVOnSeEqA==
  dependencies:
    "@ewoudenberg/difflib" "0.1.0"
    colors "^1.4.0"
    dreamopt "~0.8.0"

ms@2.1.2:
  version "2.1.2"
  resolved "https://registry.yarnpkg.com/ms/-/ms-2.1.2.tgz#d09d1f357b443f493382a8eb3ccd183872ae6009"
  integrity sha512-sGkPx+VjMtmA6MX27oA4FBFELFCZZ4S4XqeGOXCv68tT+jb3vk/RyaKWP0PTKyWtmLSM0b+adUTEvbs1PEaH2w==

pirates@^4.0.5:
  version "4.0.6"
  resolved "https://registry.yarnpkg.com/pirates/-/pirates-4.0.6.tgz#3018ae32ecfcff6c29ba2267cbf21166ac1f36b9"
  integrity sha512-saLsH7WeYYPiD25LDuLRRY/i+6HaPYr6G1OUlN39otzkSTxKnubR9RTxS3/Kk50s1g2JTgFwWQDQyplC5/SHZg==

prettier@^3.0.3:
  version "3.0.3"
  resolved "https://registry.yarnpkg.com/prettier/-/prettier-3.0.3.tgz#432a51f7ba422d1469096c0fdc28e235db8f9643"
  integrity sha512-L/4pUDMxcNa8R/EthV08Zt42WBO4h1rarVtK0K+QJG0X187OLo7l699jWw0GKuwzkPQ//jMFA/8Xm6Fh3J/DAg==

source-map-support@^0.5.21:
  version "0.5.21"
  resolved "https://registry.yarnpkg.com/source-map-support/-/source-map-support-0.5.21.tgz#04fe7c7f9e1ed2d662233c28cb2b35b9f63f6e4f"
  integrity sha512-uBHU3L3czsIyYXKX88fdrGovxdSCoTGDRZ6SYXtSRxLZUzHg5P/66Ht6uoUlHu9EZod+inXhKo3qQgwXUT/y1w==
  dependencies:
    buffer-from "^1.0.0"
    source-map "^0.6.0"

source-map@^0.6.0:
  version "0.6.1"
  resolved "https://registry.yarnpkg.com/source-map/-/source-map-0.6.1.tgz#74722af32e9614e9c287a8d0bbde48b5e2f1a263"
  integrity sha512-UjgapumWlbMhkBgzT7Ykc5YXUT46F0iKu8SGXq0bcwP5dz/h0Plj6enJqjz1Zbq2l5WaqYnrVbwWOWMyF3F47g==

tslib@^2.5.0:
  version "2.6.2"
  resolved "https://registry.yarnpkg.com/tslib/-/tslib-2.6.2.tgz#703ac29425e7b37cd6fd456e92404d46d1f3e4ae"
  integrity sha512-AEYxH93jGFPn/a2iVAwW87VuUIkR1FVUKB77NwMF7nBTDkDrrT/Hpt/IrCJ0QXhW27jTBDcf5ZY7w6RiqTMw2Q==

typescript@^5.2.2:
  version "5.2.2"
  resolved "https://registry.yarnpkg.com/typescript/-/typescript-5.2.2.tgz#5ebb5e5a5b75f085f22bc3f8460fba308310fa78"
  integrity sha512-mI4WrpHsbCIcwT9cF4FZvr80QUeKvsUsUvKDoR+X/7XHQH98xYD8YHZg7ANtz2GtZt/CBq2QJ0thkGJMHfqc1w==

wordwrap@>=0.0.2:
  version "1.0.0"
  resolved "https://registry.yarnpkg.com/wordwrap/-/wordwrap-1.0.0.tgz#27584810891456a4171c8d0226441ade90cbcaeb"
  integrity sha512-gvVzJFlPycKc5dZN4yPkP8w7Dc37BtP1yczEneOb4uq34pXZcvrtRTmWV8W+Ume+XCxKgbjM+nevkyFPMybd4Q==
